{
  "version": 4,
  "terraform_version": "1.8.2",
  "serial": 38,
  "lineage": "0efafb66-fc6d-03a0-0c2d-bb03d663be89",
  "outputs": {},
  "resources": [
    {
      "mode": "managed",
      "type": "helm_release",
      "name": "kong",
      "provider": "provider[\"registry.terraform.io/hashicorp/helm\"]",
      "instances": [
        {
          "schema_version": 1,
          "attributes": {
            "atomic": false,
            "chart": "kong",
            "cleanup_on_fail": false,
            "create_namespace": true,
            "dependency_update": false,
            "description": null,
            "devel": null,
            "disable_crd_hooks": false,
            "disable_openapi_validation": false,
            "disable_webhooks": false,
            "force_update": false,
            "id": "kong-cp",
            "keyring": null,
            "lint": false,
            "manifest": null,
            "max_history": 0,
            "metadata": [
              {
                "app_version": "3.6",
                "chart": "kong",
                "name": "kong-cp",
                "namespace": "kong",
                "revision": 3,
                "values": "{\"admin\":{\"enabled\":true,\"http\":{\"enabled\":true},\"ingress\":{\"enabled\":true,\"hostname\":\"admin.example.com\",\"ingressClassName\":\"kong\",\"path\":\"/\",\"pathType\":\"Prefix\"},\"tls\":{\"enabled\":false}},\"cluster\":{\"enabled\":true,\"tls\":{\"enabled\":true}},\"clustertelemetry\":{\"enabled\":true,\"tls\":{\"enabled\":true}},\"enterprise\":{\"enabled\":false,\"license_secret\":\"kong-enterprise-license\"},\"env\":{\"admin_gui_api_url\":\"http://15.235.143.186:31555\",\"admin_gui_session_conf\":\"{\\\"secret\\\":\\\"secret\\\",\\\"storage\\\":\\\"kong\\\",\\\"cookie_secure\\\":false}\",\"admin_gui_url\":\"http://15.235.143.186:31387\",\"cluster_cert\":\"/etc/secrets/kong-cluster-cert/tls.crt\",\"cluster_cert_key\":\"/etc/secrets/kong-cluster-cert/tls.key\",\"database\":\"postgres\",\"password\":\"kong_admin_password\",\"pg_database\":\"kong\",\"pg_host\":\"kong-cp-postgresql.kong.svc.cluster.local\",\"pg_password\":\"demo123\",\"pg_ssl\":\"on\",\"pg_user\":\"kong\",\"role\":\"control_plane\"},\"image\":{\"repository\":\"kong\",\"tag\":\"3.6.1\"},\"ingressController\":{\"enabled\":true,\"env\":{\"kong_admin_token\":\"kong_admin_password\",\"publish_service\":\"kong/kong-dp-kong-proxy\"}},\"manager\":{\"enabled\":true,\"http\":{\"enabled\":true},\"ingress\":{\"enabled\":true,\"hostname\":\"manager.example.com\",\"ingressClassName\":\"kong\",\"path\":\"/\",\"pathType\":\"Prefix\"},\"tls\":{\"enabled\":false}},\"postgresql\":{\"auth\":{\"password\":\"demo123\"},\"enabled\":true},\"proxy\":{\"enabled\":false},\"secretVolumes\":[\"kong-cluster-cert\"]}",
                "version": "2.38.0"
              }
            ],
            "name": "kong-cp",
            "namespace": "kong",
            "pass_credentials": false,
            "postrender": [],
            "recreate_pods": false,
            "render_subchart_notes": true,
            "replace": false,
            "repository": "https://charts.konghq.com",
            "repository_ca_file": null,
            "repository_cert_file": null,
            "repository_key_file": null,
            "repository_password": null,
            "repository_username": null,
            "reset_values": false,
            "reuse_values": false,
            "set": [],
            "set_list": [],
            "set_sensitive": [],
            "skip_crds": false,
            "status": "deployed",
            "timeout": 300,
            "values": [
              "# Do not use Kong Ingress Controller\ningressController:\n  enabled: true\n  env:\n    publish_service: kong/kong-dp-kong-proxy\n    kong_admin_token: kong_admin_password\n\nimage:\n  repository: kong\n  tag: \"3.6.1\"\n\n# Mount the secret created earlier\nsecretVolumes:\n  - kong-cluster-cert\n\nenv:\n  admin_gui_url: http://15.235.143.186:31387\n  admin_gui_api_url: http://15.235.143.186:31555\n  admin_gui_session_conf: '{\"secret\":\"secret\",\"storage\":\"kong\",\"cookie_secure\":false}'\n  # This is a control_plane node\n  role: control_plane\n  # These certificates are used for control plane / data plane communication\n  cluster_cert: /etc/secrets/kong-cluster-cert/tls.crt\n  cluster_cert_key: /etc/secrets/kong-cluster-cert/tls.key\n\n  # Database\n  # CHANGE THESE VALUES\n  database: postgres\n  pg_database: kong\n  pg_user: kong\n  pg_password: demo123\n  pg_host: kong-cp-postgresql.kong.svc.cluster.local\n  pg_ssl: \"on\"\n\n  # Kong Manager password\n  password: kong_admin_password\n\nenterprise:\n  enabled: false\n  license_secret: kong-enterprise-license\n\nadmin:\n  enabled: true\n  http:\n    enabled: true\n  tls:\n    enabled: false\n  ingress:\n    enabled: true\n    hostname: admin.example.com\n    path: /\n    pathType: Prefix\n    ingressClassName: kong\n\ncluster:\n  enabled: true\n  tls:\n    enabled: true\n\nclustertelemetry:\n  enabled: true\n  tls:\n    enabled: true\n\nmanager:\n  enabled: true\n  http:\n    enabled: true\n  tls:\n    enabled: false\n\n  ingress:\n    enabled: true\n    hostname: manager.example.com\n    path: /\n    pathType: Prefix\n    ingressClassName: kong\n\nproxy:\n  enabled: false\n\npostgresql:\n   enabled: true\n   auth:\n     password: demo123\n"
            ],
            "verify": false,
            "version": "2.38.0",
            "wait": true,
            "wait_for_jobs": false
          },
          "sensitive_attributes": [
            [
              {
                "type": "get_attr",
                "value": "repository_password"
              }
            ]
          ],
          "private": "eyJzY2hlbWFfdmVyc2lvbiI6IjEifQ==",
          "dependencies": [
            "null_resource.secret",
            "tls_private_key.tls_key",
            "tls_self_signed_cert.tls_cert"
          ]
        }
      ]
    },
    {
      "mode": "managed",
      "type": "kubernetes_secret",
      "name": "kong_cluster_cert",
      "provider": "provider[\"registry.terraform.io/hashicorp/kubernetes\"]",
      "instances": [
        {
          "schema_version": 0,
          "attributes": {
            "binary_data": null,
            "data": {
              "tls.crt": "-----BEGIN CERTIFICATE-----\nMIIBujCCAT+gAwIBAgIRALBy+p4YBD1RDKe59F/I1xkwCgYIKoZIzj0EAwMwGjEY\nMBYGA1UEAwwPa29uZ19jbHVzdGVyaW5nMB4XDTI0MDUxNzA1NTIzOVoXDTI3MDUx\nNzA1NTIzOVowGjEYMBYGA1UEAwwPa29uZ19jbHVzdGVyaW5nMHYwEAYHKoZIzj0C\nAQYFK4EEACIDYgAEpb2E9gb+FL+41wsIg9SEwqXpXLWJ8rnIUG6iVep+b4Y7HKWf\nu0iX0SaokXuG8XEOxYekdwPLRyHJjx3afScvWPOk23mO470rq86ixLqiBCkpZlLp\nzXo32Wz7z/nIeMpAo0kwRzAOBgNVHQ8BAf8EBAMCAaYwJwYDVR0lBCAwHgYIKwYB\nBQUHAwMGCCsGAQUFBwMBBggrBgEFBQcDAjAMBgNVHRMBAf8EAjAAMAoGCCqGSM49\nBAMDA2kAMGYCMQCAJfVuGvwte06KlUgSLBHu9Ci3qJTLGxQOBxutY0jmSU6MUbq0\n+nNPtoSLCaQ5fIECMQDQ3m/97Sc+YDaQu4VXzs9x0PRdP3FUM1O2jJUCUTwLNlJZ\n6Ap/a2ZacLM4Pr4w/q0=\n-----END CERTIFICATE-----\n",
              "tls.key": "-----BEGIN EC PRIVATE KEY-----\nMIGkAgEBBDA+FEEm9CXUM9DyAoOLRtPKMFAW3LOrFsb4mR/YHGgB2IMU/7zC3Q3S\nDtApCYimGzGgBwYFK4EEACKhZANiAASlvYT2Bv4Uv7jXCwiD1ITCpelctYnyuchQ\nbqJV6n5vhjscpZ+7SJfRJqiRe4bxcQ7Fh6R3A8tHIcmPHdp9Jy9Y86TbeY7jvSur\nzqLEuqIEKSlmUunNejfZbPvP+ch4ykA=\n-----END EC PRIVATE KEY-----\n"
            },
            "id": "kong/kong-cluster-cert",
            "immutable": false,
            "metadata": [
              {
                "annotations": {},
                "generate_name": "",
                "generation": 0,
                "labels": {},
                "name": "kong-cluster-cert",
                "namespace": "kong",
                "resource_version": "5370529292",
                "uid": "57074539-db6d-4065-9fa9-880f984616a9"
              }
            ],
            "timeouts": null,
            "type": "Opaque",
            "wait_for_service_account_token": true
          },
          "sensitive_attributes": [
            [
              {
                "type": "get_attr",
                "value": "binary_data"
              }
            ],
            [
              {
                "type": "get_attr",
                "value": "data"
              }
            ],
            [
              {
                "type": "get_attr",
                "value": "data"
              },
              {
                "type": "index",
                "value": {
                  "value": "tls.key",
                  "type": "string"
                }
              }
            ]
          ],
          "private": "eyJlMmJmYjczMC1lY2FhLTExZTYtOGY4OC0zNDM2M2JjN2M0YzAiOnsiY3JlYXRlIjo2MDAwMDAwMDAwMH19",
          "dependencies": [
            "tls_private_key.tls_key",
            "tls_self_signed_cert.tls_cert"
          ]
        }
      ]
    },
    {
      "mode": "managed",
      "type": "null_resource",
      "name": "secret",
      "provider": "provider[\"registry.terraform.io/hashicorp/null\"]",
      "instances": [
        {
          "schema_version": 0,
          "attributes": {
            "id": "6679468922202706868",
            "triggers": {
              "tls_certificate_key": "-----BEGIN CERTIFICATE-----\nMIIBujCCAT+gAwIBAgIRALBy+p4YBD1RDKe59F/I1xkwCgYIKoZIzj0EAwMwGjEY\nMBYGA1UEAwwPa29uZ19jbHVzdGVyaW5nMB4XDTI0MDUxNzA1NTIzOVoXDTI3MDUx\nNzA1NTIzOVowGjEYMBYGA1UEAwwPa29uZ19jbHVzdGVyaW5nMHYwEAYHKoZIzj0C\nAQYFK4EEACIDYgAEpb2E9gb+FL+41wsIg9SEwqXpXLWJ8rnIUG6iVep+b4Y7HKWf\nu0iX0SaokXuG8XEOxYekdwPLRyHJjx3afScvWPOk23mO470rq86ixLqiBCkpZlLp\nzXo32Wz7z/nIeMpAo0kwRzAOBgNVHQ8BAf8EBAMCAaYwJwYDVR0lBCAwHgYIKwYB\nBQUHAwMGCCsGAQUFBwMBBggrBgEFBQcDAjAMBgNVHRMBAf8EAjAAMAoGCCqGSM49\nBAMDA2kAMGYCMQCAJfVuGvwte06KlUgSLBHu9Ci3qJTLGxQOBxutY0jmSU6MUbq0\n+nNPtoSLCaQ5fIECMQDQ3m/97Sc+YDaQu4VXzs9x0PRdP3FUM1O2jJUCUTwLNlJZ\n6Ap/a2ZacLM4Pr4w/q0=\n-----END CERTIFICATE-----\n-----BEGIN EC PRIVATE KEY-----\nMIGkAgEBBDA+FEEm9CXUM9DyAoOLRtPKMFAW3LOrFsb4mR/YHGgB2IMU/7zC3Q3S\nDtApCYimGzGgBwYFK4EEACKhZANiAASlvYT2Bv4Uv7jXCwiD1ITCpelctYnyuchQ\nbqJV6n5vhjscpZ+7SJfRJqiRe4bxcQ7Fh6R3A8tHIcmPHdp9Jy9Y86TbeY7jvSur\nzqLEuqIEKSlmUunNejfZbPvP+ch4ykA=\n-----END EC PRIVATE KEY-----\n"
            }
          },
          "sensitive_attributes": [
            [
              {
                "type": "get_attr",
                "value": "triggers"
              },
              {
                "type": "index",
                "value": {
                  "value": "tls_certificate_key",
                  "type": "string"
                }
              }
            ]
          ],
          "dependencies": [
            "tls_private_key.tls_key",
            "tls_self_signed_cert.tls_cert"
          ]
        }
      ]
    },
    {
      "mode": "managed",
      "type": "tls_private_key",
      "name": "tls_key",
      "provider": "provider[\"registry.terraform.io/hashicorp/tls\"]",
      "instances": [
        {
          "schema_version": 1,
          "attributes": {
            "algorithm": "ECDSA",
            "ecdsa_curve": "P384",
            "id": "91c125f9ef1ed6607f3bd8ff5aed04a153c8bfae",
            "private_key_openssh": "-----BEGIN OPENSSH PRIVATE KEY-----\nb3BlbnNzaC1rZXktdjEAAAAABG5vbmUAAAAEbm9uZQAAAAAAAAABAAAAiAAAABNl\nY2RzYS1zaGEyLW5pc3RwMzg0AAAACG5pc3RwMzg0AAAAYQSlvYT2Bv4Uv7jXCwiD\n1ITCpelctYnyuchQbqJV6n5vhjscpZ+7SJfRJqiRe4bxcQ7Fh6R3A8tHIcmPHdp9\nJy9Y86TbeY7jvSurzqLEuqIEKSlmUunNejfZbPvP+ch4ykAAAADIMUBx9DFAcfQA\nAAATZWNkc2Etc2hhMi1uaXN0cDM4NAAAAAhuaXN0cDM4NAAAAGEEpb2E9gb+FL+4\n1wsIg9SEwqXpXLWJ8rnIUG6iVep+b4Y7HKWfu0iX0SaokXuG8XEOxYekdwPLRyHJ\njx3afScvWPOk23mO470rq86ixLqiBCkpZlLpzXo32Wz7z/nIeMpAAAAAMD4UQSb0\nJdQz0PICg4tG08owUBbcs6sWxviZH9gcaAHYgxT/vMLdDdIO0CkJiKYbMQAAAAA=\n-----END OPENSSH PRIVATE KEY-----\n",
            "private_key_pem": "-----BEGIN EC PRIVATE KEY-----\nMIGkAgEBBDA+FEEm9CXUM9DyAoOLRtPKMFAW3LOrFsb4mR/YHGgB2IMU/7zC3Q3S\nDtApCYimGzGgBwYFK4EEACKhZANiAASlvYT2Bv4Uv7jXCwiD1ITCpelctYnyuchQ\nbqJV6n5vhjscpZ+7SJfRJqiRe4bxcQ7Fh6R3A8tHIcmPHdp9Jy9Y86TbeY7jvSur\nzqLEuqIEKSlmUunNejfZbPvP+ch4ykA=\n-----END EC PRIVATE KEY-----\n",
            "private_key_pem_pkcs8": "-----BEGIN PRIVATE KEY-----\nMIG2AgEAMBAGByqGSM49AgEGBSuBBAAiBIGeMIGbAgEBBDA+FEEm9CXUM9DyAoOL\nRtPKMFAW3LOrFsb4mR/YHGgB2IMU/7zC3Q3SDtApCYimGzGhZANiAASlvYT2Bv4U\nv7jXCwiD1ITCpelctYnyuchQbqJV6n5vhjscpZ+7SJfRJqiRe4bxcQ7Fh6R3A8tH\nIcmPHdp9Jy9Y86TbeY7jvSurzqLEuqIEKSlmUunNejfZbPvP+ch4ykA=\n-----END PRIVATE KEY-----\n",
            "public_key_fingerprint_md5": "c5:c3:df:af:cd:49:f1:43:e3:ba:be:ab:3a:e9:8c:43",
            "public_key_fingerprint_sha256": "SHA256:B+cSDh2wv5g/afX1PX6uqd+G8DtS5j/zNjZtwz+AGlk",
            "public_key_openssh": "ecdsa-sha2-nistp384 AAAAE2VjZHNhLXNoYTItbmlzdHAzODQAAAAIbmlzdHAzODQAAABhBKW9hPYG/hS/uNcLCIPUhMKl6Vy1ifK5yFBuolXqfm+GOxyln7tIl9EmqJF7hvFxDsWHpHcDy0chyY8d2n0nL1jzpNt5juO9K6vOosS6ogQpKWZS6c16N9ls+8/5yHjKQA==\n",
            "public_key_pem": "-----BEGIN PUBLIC KEY-----\nMHYwEAYHKoZIzj0CAQYFK4EEACIDYgAEpb2E9gb+FL+41wsIg9SEwqXpXLWJ8rnI\nUG6iVep+b4Y7HKWfu0iX0SaokXuG8XEOxYekdwPLRyHJjx3afScvWPOk23mO470r\nq86ixLqiBCkpZlLpzXo32Wz7z/nIeMpA\n-----END PUBLIC KEY-----\n",
            "rsa_bits": 2048
          },
          "sensitive_attributes": [
            [
              {
                "type": "get_attr",
                "value": "private_key_pem_pkcs8"
              }
            ],
            [
              {
                "type": "get_attr",
                "value": "private_key_pem"
              }
            ],
            [
              {
                "type": "get_attr",
                "value": "private_key_openssh"
              }
            ]
          ]
        }
      ]
    },
    {
      "mode": "managed",
      "type": "tls_self_signed_cert",
      "name": "tls_cert",
      "provider": "provider[\"registry.terraform.io/hashicorp/tls\"]",
      "instances": [
        {
          "schema_version": 0,
          "attributes": {
            "allowed_uses": [
              "cert_signing",
              "crl_signing",
              "code_signing",
              "server_auth",
              "client_auth",
              "digital_signature",
              "key_encipherment"
            ],
            "cert_pem": "-----BEGIN CERTIFICATE-----\nMIIBujCCAT+gAwIBAgIRALBy+p4YBD1RDKe59F/I1xkwCgYIKoZIzj0EAwMwGjEY\nMBYGA1UEAwwPa29uZ19jbHVzdGVyaW5nMB4XDTI0MDUxNzA1NTIzOVoXDTI3MDUx\nNzA1NTIzOVowGjEYMBYGA1UEAwwPa29uZ19jbHVzdGVyaW5nMHYwEAYHKoZIzj0C\nAQYFK4EEACIDYgAEpb2E9gb+FL+41wsIg9SEwqXpXLWJ8rnIUG6iVep+b4Y7HKWf\nu0iX0SaokXuG8XEOxYekdwPLRyHJjx3afScvWPOk23mO470rq86ixLqiBCkpZlLp\nzXo32Wz7z/nIeMpAo0kwRzAOBgNVHQ8BAf8EBAMCAaYwJwYDVR0lBCAwHgYIKwYB\nBQUHAwMGCCsGAQUFBwMBBggrBgEFBQcDAjAMBgNVHRMBAf8EAjAAMAoGCCqGSM49\nBAMDA2kAMGYCMQCAJfVuGvwte06KlUgSLBHu9Ci3qJTLGxQOBxutY0jmSU6MUbq0\n+nNPtoSLCaQ5fIECMQDQ3m/97Sc+YDaQu4VXzs9x0PRdP3FUM1O2jJUCUTwLNlJZ\n6Ap/a2ZacLM4Pr4w/q0=\n-----END CERTIFICATE-----\n",
            "dns_names": null,
            "early_renewal_hours": 0,
            "id": "234541132227901519650538212877358651161",
            "ip_addresses": null,
            "is_ca_certificate": false,
            "key_algorithm": "ECDSA",
            "private_key_pem": "-----BEGIN EC PRIVATE KEY-----\nMIGkAgEBBDA+FEEm9CXUM9DyAoOLRtPKMFAW3LOrFsb4mR/YHGgB2IMU/7zC3Q3S\nDtApCYimGzGgBwYFK4EEACKhZANiAASlvYT2Bv4Uv7jXCwiD1ITCpelctYnyuchQ\nbqJV6n5vhjscpZ+7SJfRJqiRe4bxcQ7Fh6R3A8tHIcmPHdp9Jy9Y86TbeY7jvSur\nzqLEuqIEKSlmUunNejfZbPvP+ch4ykA=\n-----END EC PRIVATE KEY-----\n",
            "ready_for_renewal": false,
            "set_authority_key_id": false,
            "set_subject_key_id": false,
            "subject": [
              {
                "common_name": "kong_clustering",
                "country": null,
                "locality": null,
                "organization": null,
                "organizational_unit": null,
                "postal_code": null,
                "province": null,
                "serial_number": null,
                "street_address": null
              }
            ],
            "uris": null,
            "validity_end_time": "2027-05-17T11:22:39.958567692+05:30",
            "validity_period_hours": 26280,
            "validity_start_time": "2024-05-17T11:22:39.958567692+05:30"
          },
          "sensitive_attributes": [
            [
              {
                "type": "get_attr",
                "value": "private_key_pem"
              }
            ]
          ],
          "dependencies": [
            "tls_private_key.tls_key"
          ]
        }
      ]
    }
  ],
  "check_results": null
}
